
Microsoft Visual Studio Solution File, Format Version 12.00
# Visual Studio 2013
VisualStudioVersion = 12.0.30324.0
MinimumVisualStudioVersion = 10.0.40219.1
Project("{FAE04EC0-301F-11D3-BF4B-00C04F79EFBC}") = "Loan Projection", "Loan Projection.csproj", "{D42FC676-3A4F-4242-9767-2D79E1268C1C}"
EndProject
Global
	GlobalSection(SolutionConfigurationPlatforms) = preSolution
		Debug|Any CPU = Debug|Any CPU
		Release|Any CPU = Release|Any CPU
	EndGlobalSection
	GlobalSection(ProjectConfigurationPlatforms) = postSolution
		{D42FC676-3A4F-4242-9767-2D79E1268C1C}.Debug|Any CPU.ActiveCfg = Debug|Any CPU
		{D42FC676-3A4F-4242-9767-2D79E1268C1C}.Debug|Any CPU.Build.0 = Debug|Any CPU
		{D42FC676-3A4F-4242-9767-2D79E1268C1C}.Release|Any CPU.ActiveCfg = Release|Any CPU
		{D42FC676-3A4F-4242-9767-2D79E1268C1C}.Release|Any CPU.Build.0 = Release|Any CPU
	EndGlobalSection
	GlobalSection(SolutionProperties) = preSolution
		HideSolutionNode = FALSE
	EndGlobalSection
EndGlobal
